# This file is automatically @generated by Cargo.
# It is not intended for manual editing.
version = 4

[[package]]
name = "anyhow"
version = "1.0.102"
source = "registry+https://github.com/rust-lang/crates.io-index"
checksum = "7f202df86484c868dbad7eaa557ef785d5c66295e41b460ef922eca0723b842c"

[[package]]
name = "bitflags"
version = "2.11.0"
source = "registry+https://github.com/rust-lang/crates.io-index"
checksum = "843867be96c8daad0d758b57df9392b6d8d271134fce549de6ce169ff98a92af"

[[package]]
name = "flatbuffers"
version = "25.12.19"
source = "registry+https://github.com/rust-lang/crates.io-index"
checksum = "35f6839d7b3b98adde531effaf34f0c2badc6f4735d26fe74709d8e513a96ef3"
dependencies = [
 "bitflags",
 "rustc_version",
]

[[package]]
name = "flatc-rust"
version = "0.2.0"
source = "registry+https://github.com/rust-lang/crates.io-index"
checksum = "57e61227926ef5b237af48bee74394cc4a5a221ebd10c5147a98e612f207851d"
dependencies = [
 "log",
]

[[package]]
name = "isis_streaming_data_types"
version = "0.1.0"
dependencies = [
 "anyhow",
 "flatbuffers",
 "flatc-rust",
]

[[package]]
name = "log"
version = "0.4.29"
source = "registry+https://github.com/rust-lang/crates.io-index"
checksum = "5e5032e24019045c762d3c0f28f5b6b8bbf38563a65908389bf7978758920897"

[[package]]
name = "rustc_version"
version = "0.4.1"
source = "registry+https://github.com/rust-lang/crates.io-index"
checksum = "cfcb3a22ef46e85b45de6ee7e79d063319ebb6594faafcf1c225ea92ab6e9b92"
dependencies = [
 "semver",
]

[[package]]
name = "semver"
version = "1.0.27"
source = "registry+https://github.com/rust-lang/crates.io-index"
checksum = "d767eb0aabc880b29956c35734170f26ed551a859dbd361d140cdbeca61ab1e2"
